PODS:
  - CircleProgressBar (0.21)
  - FontAwesomeIconFactory (2.1.1)
  - JSKTimerView (0.4.1)
  - MZTimerLabel (0.5.4)
  - SVProgressHUD (1.1.3)

DEPENDENCIES:
  - CircleProgressBar (~> 0.21)
  - FontAwesomeIconFactory
  - JSKTimerView
  - MZTimerLabel
  - SVProgressHUD

SPEC CHECKSUMS:
  CircleProgressBar: 4ce12ddcdc5673cc9f0fb83f6ec7b2a53ecb28df
  FontAwesomeIconFactory: bb9ce26d3dd13044854a82d380023c8e7d3ebf1a
  JSKTimerView: 6e773cc20f87e3af98b9fe242492f38055f55cc8
  MZTimerLabel: cd9bfb9304540ef2a9e163384fca9c978f0dbf83
  SVProgressHUD: 748080e4f36e603f6c02aec292664239df5279c1

COCOAPODS: 0.39.0
